// !$*UTF8*$!
{
	archiveVersion = 1;
	classes = {
	};
	objectVersion = 56;
	objects = {

/* Begin PBXBuildFile section */
		CA5B7C0F29E3F6060084E3BA /* AppDelegate.swift in Sources */ = {isa = PBXBuildFile; fileRef = CA5B7C0E29E3F6060084E3BA /* AppDelegate.swift */; };
		CA5B7C1129E3F6060084E3BA /* SceneDelegate.swift in Sources */ = {isa = PBXBuildFile; fileRef = CA5B7C1029E3F6060084E3BA /* SceneDelegate.swift */; };
		CA5B7C1629E3F6060084E3BA /* Main.storyboard in Resources */ = {isa = PBXBuildFile; fileRef = CA5B7C1429E3F6060084E3BA /* Main.storyboard */; };
		CA5B7C1829E3F6070084E3BA /* Assets.xcassets in Resources */ = {isa = PBXBuildFile; fileRef = CA5B7C1729E3F6070084E3BA /* Assets.xcassets */; };
		CA5B7C1B29E3F6070084E3BA /* LaunchScreen.storyboard in Resources */ = {isa = PBXBuildFile; fileRef = CA5B7C1929E3F6070084E3BA /* LaunchScreen.storyboard */; };
		CA5B7C2929E3FAD30084E3BA /* Person.swift in Sources */ = {isa = PBXBuildFile; fileRef = CA5B7C2829E3FAD30084E3BA /* Person.swift */; };
		CA5DBCD929E565460048BD59 /* ContactsTableViewController.swift in Sources */ = {isa = PBXBuildFile; fileRef = CA5DBCD829E565460048BD59 /* ContactsTableViewController.swift */; };
		CAA4F20429E5523C0009E844 /* PersonListViewController.swift in Sources */ = {isa = PBXBuildFile; fileRef = CAA4F20329E5523C0009E844 /* PersonListViewController.swift */; };
		CAA4F20629E552B70009E844 /* DetailViewController.swift in Sources */ = {isa = PBXBuildFile; fileRef = CAA4F20529E552B70009E844 /* DetailViewController.swift */; };
/* End PBXBuildFile section */

/* Begin PBXFileReference section */
		CA5B7C0B29E3F6060084E3BA /* PersonList.app */ = {isa = PBXFileReference; explicitFileType = wrapper.application; includeInIndex = 0; path = PersonList.app; sourceTree = BUILT_PRODUCTS_DIR; };
		CA5B7C0E29E3F6060084E3BA /* AppDelegate.swift */ = {isa = PBXFileReference; lastKnownFileType = sourcecode.swift; path = AppDelegate.swift; sourceTree = "<group>"; };
		CA5B7C1029E3F6060084E3BA /* SceneDelegate.swift */ = {isa = PBXFileReference; lastKnownFileType = sourcecode.swift; path = SceneDelegate.swift; sourceTree = "<group>"; };
		CA5B7C1529E3F6060084E3BA /* Base */ = {isa = PBXFileReference; lastKnownFileType = file.storyboard; name = Base; path = Base.lproj/Main.storyboard; sourceTree = "<group>"; };
		CA5B7C1729E3F6070084E3BA /* Assets.xcassets */ = {isa = PBXFileReference; lastKnownFileType = folder.assetcatalog; path = Assets.xcassets; sourceTree = "<group>"; };
		CA5B7C1A29E3F6070084E3BA /* Base */ = {isa = PBXFileReference; lastKnownFileType = file.storyboard; name = Base; path = Base.lproj/LaunchScreen.storyboard; sourceTree = "<group>"; };
		CA5B7C1C29E3F6070084E3BA /* Info.plist */ = {isa = PBXFileReference; lastKnownFileType = text.plist.xml; path = Info.plist; sourceTree = "<group>"; };
		CA5B7C2829E3FAD30084E3BA /* Person.swift */ = {isa = PBXFileReference; lastKnownFileType = sourcecode.swift; path = Person.swift; sourceTree = "<group>"; };
		CA5DBCD829E565460048BD59 /* ContactsTableViewController.swift */ = {isa = PBXFileReference; lastKnownFileType = sourcecode.swift; path = ContactsTableViewController.swift; sourceTree = "<group>"; };
		CAA4F20329E5523C0009E844 /* PersonListViewController.swift */ = {isa = PBXFileReference; lastKnownFileType = sourcecode.swift; path = PersonListViewController.swift; sourceTree = "<group>"; };
		CAA4F20529E552B70009E844 /* DetailViewController.swift */ = {isa = PBXFileReference; lastKnownFileType = sourcecode.swift; name = DetailViewController.swift; path = PersonList/ViewControllers/DetailViewController.swift; sourceTree = SOURCE_ROOT; };
/* End PBXFileReference section */

/* Begin PBXFrameworksBuildPhase section */
		CA5B7C0829E3F6060084E3BA /* Frameworks */ = {
			isa = PBXFrameworksBuildPhase;
			buildActionMask = 2147483647;
			files = (
			);
			runOnlyForDeploymentPostprocessing = 0;
		};
/* End PBXFrameworksBuildPhase section */

/* Begin PBXGroup section */
		CA5B7C0229E3F6060084E3BA = {
			isa = PBXGroup;
			children = (
				CA5B7C0D29E3F6060084E3BA /* PersonList */,
				CA5B7C0C29E3F6060084E3BA /* Products */,
			);
			sourceTree = "<group>";
		};
		CA5B7C0C29E3F6060084E3BA /* Products */ = {
			isa = PBXGroup;
			children = (
				CA5B7C0B29E3F6060084E3BA /* PersonList.app */,
			);
			name = Products;
			sourceTree = "<group>";
		};
		CA5B7C0D29E3F6060084E3BA /* PersonList */ = {
			isa = PBXGroup;
			children = (
				CA5B7C2229E3F6120084E3BA /* Supported Files */,
				CA5B7C2529E3F66F0084E3BA /* ViewControllers */,
				CA5B7C2329E3F6500084E3BA /* Storyboard */,
				CA5B7C2429E3F6650084E3BA /* Models */,
			);
			path = PersonList;
			sourceTree = "<group>";
		};
		CA5B7C2229E3F6120084E3BA /* Supported Files */ = {
			isa = PBXGroup;
			children = (
				CA5B7C1C29E3F6070084E3BA /* Info.plist */,
				CA5B7C0E29E3F6060084E3BA /* AppDelegate.swift */,
				CA5B7C1029E3F6060084E3BA /* SceneDelegate.swift */,
			);
			path = "Supported Files";
			sourceTree = "<group>";
		};
		CA5B7C2329E3F6500084E3BA /* Storyboard */ = {
			isa = PBXGroup;
			children = (
				CA5B7C1429E3F6060084E3BA /* Main.storyboard */,
				CA5B7C1929E3F6070084E3BA /* LaunchScreen.storyboard */,
			);
			path = Storyboard;
			sourceTree = "<group>";
		};
		CA5B7C2429E3F6650084E3BA /* Models */ = {
			isa = PBXGroup;
			children = (
				CA5B7C2829E3FAD30084E3BA /* Person.swift */,
				CA5B7C1729E3F6070084E3BA /* Assets.xcassets */,
			);
			path = Models;
			sourceTree = "<group>";
		};
		CA5B7C2529E3F66F0084E3BA /* ViewControllers */ = {
			isa = PBXGroup;
			children = (
				CAA4F20329E5523C0009E844 /* PersonListViewController.swift */,
				CAA4F20529E552B70009E844 /* DetailViewController.swift */,
				CA5DBCD829E565460048BD59 /* ContactsTableViewController.swift */,
			);
			path = ViewControllers;
			sourceTree = "<group>";
		};
/* End PBXGroup section */

/* Begin PBXNativeTarget section */
		CA5B7C0A29E3F6060084E3BA /* PersonList */ = {
			isa = PBXNativeTarget;
			buildConfigurationList = CA5B7C1F29E3F6070084E3BA /* Build configuration list for PBXNativeTarget "PersonList" */;
			buildPhases = (
				CA5B7C0729E3F6060084E3BA /* Sources */,
				CA5B7C0829E3F6060084E3BA /* Frameworks */,
				CA5B7C0929E3F6060084E3BA /* Resources */,
			);
			buildRules = (
			);
			dependencies = (
			);
			name = PersonList;
			productName = PersonList;
			productReference = CA5B7C0B29E3F6060084E3BA /* PersonList.app */;
			productType = "com.apple.product-type.application";
		};
/* End PBXNativeTarget section */

/* Begin PBXProject section */
		CA5B7C0329E3F6060084E3BA /* Project object */ = {
			isa = PBXProject;
			attributes = {
				BuildIndependentTargetsInParallel = 1;
				LastSwiftUpdateCheck = 1420;
				LastUpgradeCheck = 1420;
				TargetAttributes = {
					CA5B7C0A29E3F6060084E3BA = {
						CreatedOnToolsVersion = 14.2;
					};
				};
			};
			buildConfigurationList = CA5B7C0629E3F6060084E3BA /* Build configuration list for PBXProject "PersonList" */;
			compatibilityVersion = "Xcode 14.0";
			developmentRegion = en;
			hasScannedForEncodings = 0;
			knownRegions = (
				en,
				Base,
			);
			mainGroup = CA5B7C0229E3F6060084E3BA;
			productRefGroup = CA5B7C0C29E3F6060084E3BA /* Products */;
			projectDirPath = "";
			projectRoot = "";
			targets = (
				CA5B7C0A29E3F6060084E3BA /* PersonList */,
			);
		};
/* End PBXProject section */

/* Begin PBXResourcesBuildPhase section */
		CA5B7C0929E3F6060084E3BA /* Resources */ = {
			isa = PBXResourcesBuildPhase;
			buildActionMask = 2147483647;
			files = (
				CA5B7C1B29E3F6070084E3BA /* LaunchScreen.storyboard in Resources */,
				CA5B7C1829E3F6070084E3BA /* Assets.xcassets in Resources */,
				CA5B7C1629E3F6060084E3BA /* Main.storyboard in Resources */,
			);
			runOnlyForDeploymentPostprocessing = 0;
		};
/* End PBXResourcesBuildPhase section */

/* Begin PBXSourcesBuildPhase section */
		CA5B7C0729E3F6060084E3BA /* Sources */ = {
			isa = PBXSourcesBuildPhase;
			buildActionMask = 2147483647;
			files = (
				CA5B7C0F29E3F6060084E3BA /* AppDelegate.swift in Sources */,
				CAA4F20629E552B70009E844 /* DetailViewController.swift in Sources */,
				CA5DBCD929E565460048BD59 /* ContactsTableViewController.swift in Sources */,
				CA5B7C2929E3FAD30084E3BA /* Person.swift in Sources */,
				CA5B7C1129E3F6060084E3BA /* SceneDelegate.swift in Sources */,
				CAA4F20429E5523C0009E844 /* PersonListViewController.swift in Sources */,
			);
			runOnlyForDeploymentPostprocessing = 0;
		};
/* End PBXSourcesBuildPhase section */

/* Begin PBXVariantGroup section */
		CA5B7C1429E3F6060084E3BA /* Main.storyboard */ = {
			isa = PBXVariantGroup;
			children = (
				CA5B7C1529E3F6060084E3BA /* Base */,
			);
			name = Main.storyboard;
			sourceTree = "<group>";
		};
		CA5B7C1929E3F6070084E3BA /* LaunchScreen.storyboard */ = {
			isa = PBXVariantGroup;
			children = (
				CA5B7C1A29E3F6070084E3BA /* Base */,
			);
			name = LaunchScreen.storyboard;
			sourceTree = "<group>";
		};
/* End PBXVariantGroup section */

/* Begin XCBuildConfiguration section */
		CA5B7C1D29E3F6070084E3BA /* Debug */ = {
			isa = XCBuildConfiguration;
			buildSettings = {
				ALWAYS_SEARCH_USER_PATHS = NO;
				CLANG_ANALYZER_NONNULL = YES;
				CLANG_ANALYZER_NUMBER_OBJECT_CONVERSION = YES_AGGRESSIVE;
				CLANG_CXX_LANGUAGE_STANDARD = "gnu++20";
				CLANG_ENABLE_MODULES = YES;
				CLANG_ENABLE_OBJC_ARC = YES;
				CLANG_ENABLE_OBJC_WEAK = YES;
				CLANG_WARN_BLOCK_CAPTURE_AUTORELEASING = YES;
				CLANG_WARN_BOOL_CONVERSION = YES;
				CLANG_WARN_COMMA = YES;
				CLANG_WARN_CONSTANT_CONVERSION = YES;
				CLANG_WARN_DEPRECATED_OBJC_IMPLEMENTATIONS = YES;
				CLANG_WARN_DIRECT_OBJC_ISA_USAGE = YES_ERROR;
				CLANG_WARN_DOCUMENTATION_COMMENTS = YES;
				CLANG_WARN_EMPTY_BODY = YES;
				CLANG_WARN_ENUM_CONVERSION = YES;
				CLANG_WARN_INFINITE_RECURSION = YES;
				CLANG_WARN_INT_CONVERSION = YES;
				CLANG_WARN_NON_LITERAL_NULL_CONVERSION = YES;
				CLANG_WARN_OBJC_IMPLICIT_RETAIN_SELF = YES;
				CLANG_WARN_OBJC_LITERAL_CONVERSION = YES;
				CLANG_WARN_OBJC_ROOT_CLASS = YES_ERROR;
				CLANG_WARN_QUOTED_INCLUDE_IN_FRAMEWORK_HEADER = YES;
				CLANG_WARN_RANGE_LOOP_ANALYSIS = YES;
				CLANG_WARN_STRICT_PROTOTYPES = YES;
				CLANG_WARN_SUSPICIOUS_MOVE = YES;
				CLANG_WARN_UNGUARDED_AVAILABILITY = YES_AGGRESSIVE;
				CLANG_WARN_UNREACHABLE_CODE = YES;
				CLANG_WARN__DUPLICATE_METHOD_MATCH = YES;
				COPY_PHASE_STRIP = NO;
				DEBUG_INFORMATION_FORMAT = dwarf;
				ENABLE_STRICT_OBJC_MSGSEND = YES;
				ENABLE_TESTABILITY = YES;
				GCC_C_LANGUAGE_STANDARD = gnu11;
				GCC_DYNAMIC_NO_PIC = NO;
				GCC_NO_COMMON_BLOCKS = YES;
				GCC_OPTIMIZATION_LEVEL = 0;
				GCC_PREPROCESSOR_DEFINITIONS = (
					"DEBUG=1",
					"$(inherited)",
				);
				GCC_WARN_64_TO_32_BIT_CONVERSION = YES;
				GCC_WARN_ABOUT_RETURN_TYPE = YES_ERROR;
				GCC_WARN_UNDECLARED_SELECTOR = YES;
				GCC_WARN_UNINITIALIZED_AUTOS = YES_AGGRESSIVE;
				GCC_WARN_UNUSED_FUNCTION = YES;
				GCC_WARN_UNUSED_VARIABLE = YES;
				IPHONEOS_DEPLOYMENT_TARGET = 16.2;
				MTL_ENABLE_DEBUG_INFO = INCLUDE_SOURCE;
				MTL_FAST_MATH = YES;
				ONLY_ACTIVE_ARCH = YES;
				SDKROOT = iphoneos;
				SWIFT_ACTIVE_COMPILATION_CONDITIONS = DEBUG;
				SWIFT_OPTIMIZATION_LEVEL = "-Onone";
			};
			name = Debug;
		};
		CA5B7C1E29E3F6070084E3BA /* Release */ = {
			isa = XCBuildConfiguration;
			buildSettings = {
				ALWAYS_SEARCH_USER_PATHS = NO;
				CLANG_ANALYZER_NONNULL = YES;
				CLANG_ANALYZER_NUMBER_OBJECT_CONVERSION = YES_AGGRESSIVE;
				CLANG_CXX_LANGUAGE_STANDARD = "gnu++20";
				CLANG_ENABLE_MODULES = YES;
				CLANG_ENABLE_OBJC_ARC = YES;
				CLANG_ENABLE_OBJC_WEAK = YES;
				CLANG_WARN_BLOCK_CAPTURE_AUTORELEASING = YES;
				CLANG_WARN_BOOL_CONVERSION = YES;
				CLANG_WARN_COMMA = YES;
				CLANG_WARN_CONSTANT_CONVERSION = YES;
				CLANG_WARN_DEPRECATED_OBJC_IMPLEMENTATIONS = YES;
				CLANG_WARN_DIRECT_OBJC_ISA_USAGE = YES_ERROR;
				CLANG_WARN_DOCUMENTATION_COMMENTS = YES;
				CLANG_WARN_EMPTY_BODY = YES;
				CLANG_WARN_ENUM_CONVERSION = YES;
				CLANG_WARN_INFINITE_RECURSION = YES;
				CLANG_WARN_INT_CONVERSION = YES;
				CLANG_WARN_NON_LITERAL_NULL_CONVERSION = YES;
				CLANG_WARN_OBJC_IMPLICIT_RETAIN_SELF = YES;
				CLANG_WARN_OBJC_LITERAL_CONVERSION = YES;
				CLANG_WARN_OBJC_ROOT_CLASS = YES_ERROR;
				CLANG_WARN_QUOTED_INCLUDE_IN_FRAMEWORK_HEADER = YES;
				CLANG_WARN_RANGE_LOOP_ANALYSIS = YES;
				CLANG_WARN_STRICT_PROTOTYPES = YES;
				CLANG_WARN_SUSPICIOUS_MOVE = YES;
				CLANG_WARN_UNGUARDED_AVAILABILITY = YES_AGGRESSIVE;
				CLANG_WARN_UNREACHABLE_CODE = YES;
				CLANG_WARN__DUPLICATE_METHOD_MATCH = YES;
				COPY_PHASE_STRIP = NO;
				DEBUG_INFORMATION_FORMAT = "dwarf-with-dsym";
				ENABLE_NS_ASSERTIONS = NO;
				ENABLE_STRICT_OBJC_MSGSEND = YES;
				GCC_C_LANGUAGE_STANDARD = gnu11;
				GCC_NO_COMMON_BLOCKS = YES;
				GCC_WARN_64_TO_32_BIT_CONVERSION = YES;
				GCC_WARN_ABOUT_RETURN_TYPE = YES_ERROR;
				GCC_WARN_UNDECLARED_SELECTOR = YES;
				GCC_WARN_UNINITIALIZED_AUTOS = YES_AGGRESSIVE;
				GCC_WARN_UNUSED_FUNCTION = YES;
				GCC_WARN_UNUSED_VARIABLE = YES;
				IPHONEOS_DEPLOYMENT_TARGET = 16.2;
				MTL_ENABLE_DEBUG_INFO = NO;
				MTL_FAST_MATH = YES;
				SDKROOT = iphoneos;
				SWIFT_COMPILATION_MODE = wholemodule;
				SWIFT_OPTIMIZATION_LEVEL = "-O";
				VALIDATE_PRODUCT = YES;
			};
			name = Release;
		};
		CA5B7C2029E3F6070084E3BA /* Debug */ = {
			isa = XCBuildConfiguration;
			buildSettings = {
				ASSETCATALOG_COMPILER_APPICON_NAME = AppIcon;
				ASSETCATALOG_COMPILER_GLOBAL_ACCENT_COLOR_NAME = AccentColor;
				CODE_SIGN_STYLE = Automatic;
				CURRENT_PROJECT_VERSION = 1;
				DEVELOPMENT_TEAM = ZW9W8KTK4N;
				GENERATE_INFOPLIST_FILE = YES;
				INFOPLIST_FILE = "PersonList/Supported Files/Info.plist";
				INFOPLIST_KEY_UIApplicationSupportsIndirectInputEvents = YES;
				INFOPLIST_KEY_UILaunchStoryboardName = LaunchScreen;
				INFOPLIST_KEY_UIMainStoryboardFile = Main;
				INFOPLIST_KEY_UISupportedInterfaceOrientations_iPad = "UIInterfaceOrientationPortrait UIInterfaceOrientationPortraitUpsideDown UIInterfaceOrientationLandscapeLeft UIInterfaceOrientationLandscapeRight";
				INFOPLIST_KEY_UISupportedInterfaceOrientations_iPhone = "UIInterfaceOrientationPortrait UIInterfaceOrientationLandscapeLeft UIInterfaceOrientationLandscapeRight";
				IPHONEOS_DEPLOYMENT_TARGET = 14.0;
				LD_RUNPATH_SEARCH_PATHS = (
					"$(inherited)",
					"@executable_path/Frameworks",
				);
				MARKETING_VERSION = 1.0;
				PRODUCT_BUNDLE_IDENTIFIER = com.teslocorp.PersonList;
				PRODUCT_NAME = "$(TARGET_NAME)";
				SWIFT_EMIT_LOC_STRINGS = YES;
				SWIFT_VERSION = 5.0;
				TARGETED_DEVICE_FAMILY = "1,2";
			};
			name = Debug;
		};
		CA5B7C2129E3F6070084E3BA /* Release */ = {
			isa = XCBuildConfiguration;
			buildSettings = {
				ASSETCATALOG_COMPILER_APPICON_NAME = AppIcon;
				ASSETCATALOG_COMPILER_GLOBAL_ACCENT_COLOR_NAME = AccentColor;
				CODE_SIGN_STYLE = Automatic;
				CURRENT_PROJECT_VERSION = 1;
				DEVELOPMENT_TEAM = ZW9W8KTK4N;
				GENERATE_INFOPLIST_FILE = YES;
				INFOPLIST_FILE = "PersonList/Supported Files/Info.plist";
				INFOPLIST_KEY_UIApplicationSupportsIndirectInputEvents = YES;
				INFOPLIST_KEY_UILaunchStoryboardName = LaunchScreen;
				INFOPLIST_KEY_UIMainStoryboardFile = Main;
				INFOPLIST_KEY_UISupportedInterfaceOrientations_iPad = "UIInterfaceOrientationPortrait UIInterfaceOrientationPortraitUpsideDown UIInterfaceOrientationLandscapeLeft UIInterfaceOrientationLandscapeRight";
				INFOPLIST_KEY_UISupportedInterfaceOrientations_iPhone = "UIInterfaceOrientationPortrait UIInterfaceOrientationLandscapeLeft UIInterfaceOrientationLandscapeRight";
				IPHONEOS_DEPLOYMENT_TARGET = 14.0;
				LD_RUNPATH_SEARCH_PATHS = (
					"$(inherited)",
					"@executable_path/Frameworks",
				);
				MARKETING_VERSION = 1.0;
				PRODUCT_BUNDLE_IDENTIFIER = com.teslocorp.PersonList;
				PRODUCT_NAME = "$(TARGET_NAME)";
				SWIFT_EMIT_LOC_STRINGS = YES;
				SWIFT_VERSION = 5.0;
				TARGETED_DEVICE_FAMILY = "1,2";
			};
			name = Release;
		};
/* End XCBuildConfiguration section */

/* Begin XCConfigurationList section */
		CA5B7C0629E3F6060084E3BA /* Build configuration list for PBXProject "PersonList" */ = {
			isa = XCConfigurationList;
			buildConfigurations = (
				CA5B7C1D29E3F6070084E3BA /* Debug */,
				CA5B7C1E29E3F6070084E3BA /* Release */,
			);
			defaultConfigurationIsVisible = 0;
			defaultConfigurationName = Release;
		};
		CA5B7C1F29E3F6070084E3BA /* Build configuration list for PBXNativeTarget "PersonList" */ = {
			isa = XCConfigurationList;
			buildConfigurations = (
				CA5B7C2029E3F6070084E3BA /* Debug */,
				CA5B7C2129E3F6070084E3BA /* Release */,
			);
			defaultConfigurationIsVisible = 0;
			defaultConfigurationName = Release;
		};
/* End XCConfigurationList section */
	};
	rootObject = CA5B7C0329E3F6060084E3BA /* Project object */;
}
